
Microsoft Visual Studio Solution File, Format Version 12.00
# Visual Studio 15
VisualStudioVersion = 15.0.28307.271
MinimumVisualStudioVersion = 10.0.40219.1
Project("{FAE04EC0-301F-11D3-BF4B-00C04F79EFBC}") = "AppUWP", "AppUWP\AppUWP.csproj", "{B817215C-F686-4332-99DF-F531F3260221}"
EndProject
Project("{FAE04EC0-301F-11D3-BF4B-00C04F79EFBC}") = "Model", "Model\Model.csproj", "{F7A2397E-FB9B-4767-B55A-D256E0609C71}"
EndProject
Project("{FAE04EC0-301F-11D3-BF4B-00C04F79EFBC}") = "FtpLlibreria", "FtpLlibreria\FtpLlibreria.csproj", "{5DC8EDA8-CB86-488F-9E89-AD7A9106B326}"
EndProject
Global
	GlobalSection(SolutionConfigurationPlatforms) = preSolution
		Debug|Any CPU = Debug|Any CPU
		Debug|ARM = Debug|ARM
		Debug|ARM64 = Debug|ARM64
		Debug|x64 = Debug|x64
		Debug|x86 = Debug|x86
		Release|Any CPU = Release|Any CPU
		Release|ARM = Release|ARM
		Release|ARM64 = Release|ARM64
		Release|x64 = Release|x64
		Release|x86 = Release|x86
	EndGlobalSection
	GlobalSection(ProjectConfigurationPlatforms) = postSolution
		{B817215C-F686-4332-99DF-F531F3260221}.Debug|Any CPU.ActiveCfg = Debug|x86
		{B817215C-F686-4332-99DF-F531F3260221}.Debug|ARM.ActiveCfg = Debug|ARM
		{B817215C-F686-4332-99DF-F531F3260221}.Debug|ARM.Build.0 = Debug|ARM
		{B817215C-F686-4332-99DF-F531F3260221}.Debug|ARM.Deploy.0 = Debug|ARM
		{B817215C-F686-4332-99DF-F531F3260221}.Debug|ARM64.ActiveCfg = Debug|ARM64
		{B817215C-F686-4332-99DF-F531F3260221}.Debug|ARM64.Build.0 = Debug|ARM64
		{B817215C-F686-4332-99DF-F531F3260221}.Debug|ARM64.Deploy.0 = Debug|ARM64
		{B817215C-F686-4332-99DF-F531F3260221}.Debug|x64.ActiveCfg = Debug|x64
		{B817215C-F686-4332-99DF-F531F3260221}.Debug|x64.Build.0 = Debug|x64
		{B817215C-F686-4332-99DF-F531F3260221}.Debug|x64.Deploy.0 = Debug|x64
		{B817215C-F686-4332-99DF-F531F3260221}.Debug|x86.ActiveCfg = Debug|x86
		{B817215C-F686-4332-99DF-F531F3260221}.Debug|x86.Build.0 = Debug|x86
		{B817215C-F686-4332-99DF-F531F3260221}.Debug|x86.Deploy.0 = Debug|x86
		{B817215C-F686-4332-99DF-F531F3260221}.Release|Any CPU.ActiveCfg = Release|x86
		{B817215C-F686-4332-99DF-F531F3260221}.Release|ARM.ActiveCfg = Release|ARM
		{B817215C-F686-4332-99DF-F531F3260221}.Release|ARM.Build.0 = Release|ARM
		{B817215C-F686-4332-99DF-F531F3260221}.Release|ARM.Deploy.0 = Release|ARM
		{B817215C-F686-4332-99DF-F531F3260221}.Release|ARM64.ActiveCfg = Release|ARM64
		{B817215C-F686-4332-99DF-F531F3260221}.Release|ARM64.Build.0 = Release|ARM64
		{B817215C-F686-4332-99DF-F531F3260221}.Release|ARM64.Deploy.0 = Release|ARM64
		{B817215C-F686-4332-99DF-F531F3260221}.Release|x64.ActiveCfg = Release|x64
		{B817215C-F686-4332-99DF-F531F3260221}.Release|x64.Build.0 = Release|x64
		{B817215C-F686-4332-99DF-F531F3260221}.Release|x64.Deploy.0 = Release|x64
		{B817215C-F686-4332-99DF-F531F3260221}.Release|x86.ActiveCfg = Release|x86
		{B817215C-F686-4332-99DF-F531F3260221}.Release|x86.Build.0 = Release|x86
		{B817215C-F686-4332-99DF-F531F3260221}.Release|x86.Deploy.0 = Release|x86
		{F7A2397E-FB9B-4767-B55A-D256E0609C71}.Debug|Any CPU.ActiveCfg = Debug|Any CPU
		{F7A2397E-FB9B-4767-B55A-D256E0609C71}.Debug|Any CPU.Build.0 = Debug|Any CPU
		{F7A2397E-FB9B-4767-B55A-D256E0609C71}.Debug|ARM.ActiveCfg = Debug|ARM
		{F7A2397E-FB9B-4767-B55A-D256E0609C71}.Debug|ARM.Build.0 = Debug|ARM
		{F7A2397E-FB9B-4767-B55A-D256E0609C71}.Debug|ARM64.ActiveCfg = Debug|ARM64
		{F7A2397E-FB9B-4767-B55A-D256E0609C71}.Debug|ARM64.Build.0 = Debug|ARM64
		{F7A2397E-FB9B-4767-B55A-D256E0609C71}.Debug|x64.ActiveCfg = Debug|x64
		{F7A2397E-FB9B-4767-B55A-D256E0609C71}.Debug|x64.Build.0 = Debug|x64
		{F7A2397E-FB9B-4767-B55A-D256E0609C71}.Debug|x86.ActiveCfg = Debug|x86
		{F7A2397E-FB9B-4767-B55A-D256E0609C71}.Debug|x86.Build.0 = Debug|x86
		{F7A2397E-FB9B-4767-B55A-D256E0609C71}.Release|Any CPU.ActiveCfg = Release|Any CPU
		{F7A2397E-FB9B-4767-B55A-D256E0609C71}.Release|Any CPU.Build.0 = Release|Any CPU
		{F7A2397E-FB9B-4767-B55A-D256E0609C71}.Release|ARM.ActiveCfg = Release|ARM
		{F7A2397E-FB9B-4767-B55A-D256E0609C71}.Release|ARM.Build.0 = Release|ARM
		{F7A2397E-FB9B-4767-B55A-D256E0609C71}.Release|ARM64.ActiveCfg = Release|ARM64
		{F7A2397E-FB9B-4767-B55A-D256E0609C71}.Release|ARM64.Build.0 = Release|ARM64
		{F7A2397E-FB9B-4767-B55A-D256E0609C71}.Release|x64.ActiveCfg = Release|x64
		{F7A2397E-FB9B-4767-B55A-D256E0609C71}.Release|x64.Build.0 = Release|x64
		{F7A2397E-FB9B-4767-B55A-D256E0609C71}.Release|x86.ActiveCfg = Release|x86
		{F7A2397E-FB9B-4767-B55A-D256E0609C71}.Release|x86.Build.0 = Release|x86
		{5DC8EDA8-CB86-488F-9E89-AD7A9106B326}.Debug|Any CPU.ActiveCfg = Debug|Any CPU
		{5DC8EDA8-CB86-488F-9E89-AD7A9106B326}.Debug|Any CPU.Build.0 = Debug|Any CPU
		{5DC8EDA8-CB86-488F-9E89-AD7A9106B326}.Debug|ARM.ActiveCfg = Debug|Any CPU
		{5DC8EDA8-CB86-488F-9E89-AD7A9106B326}.Debug|ARM.Build.0 = Debug|Any CPU
		{5DC8EDA8-CB86-488F-9E89-AD7A9106B326}.Debug|ARM64.ActiveCfg = Debug|Any CPU
		{5DC8EDA8-CB86-488F-9E89-AD7A9106B326}.Debug|ARM64.Build.0 = Debug|Any CPU
		{5DC8EDA8-CB86-488F-9E89-AD7A9106B326}.Debug|x64.ActiveCfg = Debug|Any CPU
		{5DC8EDA8-CB86-488F-9E89-AD7A9106B326}.Debug|x64.Build.0 = Debug|Any CPU
		{5DC8EDA8-CB86-488F-9E89-AD7A9106B326}.Debug|x86.ActiveCfg = Debug|Any CPU
		{5DC8EDA8-CB86-488F-9E89-AD7A9106B326}.Debug|x86.Build.0 = Debug|Any CPU
		{5DC8EDA8-CB86-488F-9E89-AD7A9106B326}.Release|Any CPU.ActiveCfg = Release|Any CPU
		{5DC8EDA8-CB86-488F-9E89-AD7A9106B326}.Release|Any CPU.Build.0 = Release|Any CPU
		{5DC8EDA8-CB86-488F-9E89-AD7A9106B326}.Release|ARM.ActiveCfg = Release|Any CPU
		{5DC8EDA8-CB86-488F-9E89-AD7A9106B326}.Release|ARM.Build.0 = Release|Any CPU
		{5DC8EDA8-CB86-488F-9E89-AD7A9106B326}.Release|ARM64.ActiveCfg = Release|Any CPU
		{5DC8EDA8-CB86-488F-9E89-AD7A9106B326}.Release|ARM64.Build.0 = Release|Any CPU
		{5DC8EDA8-CB86-488F-9E89-AD7A9106B326}.Release|x64.ActiveCfg = Release|Any CPU
		{5DC8EDA8-CB86-488F-9E89-AD7A9106B326}.Release|x64.Build.0 = Release|Any CPU
		{5DC8EDA8-CB86-488F-9E89-AD7A9106B326}.Release|x86.ActiveCfg = Release|Any CPU
		{5DC8EDA8-CB86-488F-9E89-AD7A9106B326}.Release|x86.Build.0 = Release|Any CPU
	EndGlobalSection
	GlobalSection(SolutionProperties) = preSolution
		HideSolutionNode = FALSE
	EndGlobalSection
	GlobalSection(ExtensibilityGlobals) = postSolution
		SolutionGuid = {5E9075AB-23D8-43C1-AB19-90BD27B518A8}
	EndGlobalSection
EndGlobal
